
Microsoft Visual Studio Solution File, Format Version 12.00
# Visual Studio Version 17
VisualStudioVersion = 17.9.34728.123
MinimumVisualStudioVersion = 10.0.40219.1
Project("{FAE04EC0-301F-11D3-BF4B-00C04F79EFBC}") = "CatacombApp.Server", "CatacombApp.Server\CatacombApp.Server.csproj", "{21B8D893-95B6-4867-9CDE-110EC0A6CBCF}"
EndProject
Project("{54A90642-561A-4BB1-A94E-469ADEE60C69}") = "catacombapp.client", "catacombapp.client\catacombapp.client.esproj", "{0EC5E3B2-E7BA-45C7-9567-3C71AFA408C8}"
EndProject
Global
	GlobalSection(SolutionConfigurationPlatforms) = preSolution
		Debug|Any CPU = Debug|Any CPU
		Release|Any CPU = Release|Any CPU
	EndGlobalSection
	GlobalSection(ProjectConfigurationPlatforms) = postSolution
		{21B8D893-95B6-4867-9CDE-110EC0A6CBCF}.Debug|Any CPU.ActiveCfg = Debug|Any CPU
		{21B8D893-95B6-4867-9CDE-110EC0A6CBCF}.Debug|Any CPU.Build.0 = Debug|Any CPU
		{21B8D893-95B6-4867-9CDE-110EC0A6CBCF}.Release|Any CPU.ActiveCfg = Release|Any CPU
		{21B8D893-95B6-4867-9CDE-110EC0A6CBCF}.Release|Any CPU.Build.0 = Release|Any CPU
		{0EC5E3B2-E7BA-45C7-9567-3C71AFA408C8}.Debug|Any CPU.ActiveCfg = Debug|Any CPU
		{0EC5E3B2-E7BA-45C7-9567-3C71AFA408C8}.Debug|Any CPU.Build.0 = Debug|Any CPU
		{0EC5E3B2-E7BA-45C7-9567-3C71AFA408C8}.Debug|Any CPU.Deploy.0 = Debug|Any CPU
		{0EC5E3B2-E7BA-45C7-9567-3C71AFA408C8}.Release|Any CPU.ActiveCfg = Release|Any CPU
		{0EC5E3B2-E7BA-45C7-9567-3C71AFA408C8}.Release|Any CPU.Build.0 = Release|Any CPU
		{0EC5E3B2-E7BA-45C7-9567-3C71AFA408C8}.Release|Any CPU.Deploy.0 = Release|Any CPU
	EndGlobalSection
	GlobalSection(SolutionProperties) = preSolution
		HideSolutionNode = FALSE
	EndGlobalSection
	GlobalSection(ExtensibilityGlobals) = postSolution
		SolutionGuid = {95D88746-3643-4628-B788-D645E6A7C913}
	EndGlobalSection
EndGlobal
